Microsoft Visual Studio Solution File, Format Version 12.00
# Visual Studio 2013
VisualStudioVersion = 12.0.21005.1
MinimumVisualStudioVersion = 10.0.40219.1
Project("{FAE04EC0-301F-11D3-BF4B-00C04F79EFBC}") = "HowToAddAnalyzeAction.Module", "HowToAddAnalyzeAction.Module\HowToAddAnalyzeAction.Module.csproj", "{FFDB3BD8-E6E8-4D4A-B052-95F3B01F3D9F}"
EndProject
Project("{FAE04EC0-301F-11D3-BF4B-00C04F79EFBC}") = "HowToAddAnalyzeAction.Module.Web", "HowToAddAnalyzeAction.Module.Web\HowToAddAnalyzeAction.Module.Web.csproj", "{56C15049-8AB3-41D3-9985-3782821A7234}"
EndProject
Project("{FAE04EC0-301F-11D3-BF4B-00C04F79EFBC}") = "HowToAddAnalyzeAction.Web", "HowToAddAnalyzeAction.Web\HowToAddAnalyzeAction.Web.csproj", "{CC0751B8-8B80-4CE6-80AB-290D4A0ED3BC}"
EndProject
Project("{FAE04EC0-301F-11D3-BF4B-00C04F79EFBC}") = "HowToAddAnalyzeAction.Module.Win", "HowToAddAnalyzeAction.Module.Win\HowToAddAnalyzeAction.Module.Win.csproj", "{5778EEF7-A6E3-498E-B290-DC26B34F620F}"
EndProject
Project("{FAE04EC0-301F-11D3-BF4B-00C04F79EFBC}") = "HowToAddAnalyzeAction.Win", "HowToAddAnalyzeAction.Win\HowToAddAnalyzeAction.Win.csproj", "{FAFC60F5-0166-435C-919E-E65FD2C7B28D}"
EndProject
Global
	GlobalSection(SolutionConfigurationPlatforms) = preSolution
		Debug|Any CPU = Debug|Any CPU
		Release|Any CPU = Release|Any CPU
	EndGlobalSection
	GlobalSection(ProjectConfigurationPlatforms) = postSolution
		{FFDB3BD8-E6E8-4D4A-B052-95F3B01F3D9F}.Debug|Any CPU.ActiveCfg = Debug|Any CPU
		{FFDB3BD8-E6E8-4D4A-B052-95F3B01F3D9F}.Debug|Any CPU.Build.0 = Debug|Any CPU
		{FFDB3BD8-E6E8-4D4A-B052-95F3B01F3D9F}.Release|Any CPU.ActiveCfg = Release|Any CPU
		{FFDB3BD8-E6E8-4D4A-B052-95F3B01F3D9F}.Release|Any CPU.Build.0 = Release|Any CPU
		{56C15049-8AB3-41D3-9985-3782821A7234}.Debug|Any CPU.ActiveCfg = Debug|Any CPU
		{56C15049-8AB3-41D3-9985-3782821A7234}.Debug|Any CPU.Build.0 = Debug|Any CPU
		{56C15049-8AB3-41D3-9985-3782821A7234}.Release|Any CPU.ActiveCfg = Release|Any CPU
		{56C15049-8AB3-41D3-9985-3782821A7234}.Release|Any CPU.Build.0 = Release|Any CPU
		{CC0751B8-8B80-4CE6-80AB-290D4A0ED3BC}.Debug|Any CPU.ActiveCfg = Debug|Any CPU
		{CC0751B8-8B80-4CE6-80AB-290D4A0ED3BC}.Debug|Any CPU.Build.0 = Debug|Any CPU
		{CC0751B8-8B80-4CE6-80AB-290D4A0ED3BC}.Release|Any CPU.ActiveCfg = Release|Any CPU
		{CC0751B8-8B80-4CE6-80AB-290D4A0ED3BC}.Release|Any CPU.Build.0 = Release|Any CPU
		{5778EEF7-A6E3-498E-B290-DC26B34F620F}.Debug|Any CPU.ActiveCfg = Debug|Any CPU
		{5778EEF7-A6E3-498E-B290-DC26B34F620F}.Debug|Any CPU.Build.0 = Debug|Any CPU
		{5778EEF7-A6E3-498E-B290-DC26B34F620F}.Release|Any CPU.ActiveCfg = Release|Any CPU
		{5778EEF7-A6E3-498E-B290-DC26B34F620F}.Release|Any CPU.Build.0 = Release|Any CPU
		{FAFC60F5-0166-435C-919E-E65FD2C7B28D}.Debug|Any CPU.ActiveCfg = Debug|Any CPU
		{FAFC60F5-0166-435C-919E-E65FD2C7B28D}.Debug|Any CPU.Build.0 = Debug|Any CPU
		{FAFC60F5-0166-435C-919E-E65FD2C7B28D}.Release|Any CPU.ActiveCfg = Release|Any CPU
		{FAFC60F5-0166-435C-919E-E65FD2C7B28D}.Release|Any CPU.Build.0 = Release|Any CPU
	EndGlobalSection
	GlobalSection(SolutionProperties) = preSolution
		HideSolutionNode = FALSE
	EndGlobalSection
EndGlobal
